
Microsoft Visual Studio Solution File, Format Version 12.00
# Visual Studio Version 16
VisualStudioVersion = 16.0.31205.134
MinimumVisualStudioVersion = 10.0.40219.1
Project("{FAE04EC0-301F-11D3-BF4B-00C04F79EFBC}") = "InvestigationStat", "InvestigationStat\InvestigationStat.csproj", "{32223203-DB4D-4E89-8121-E38B55E4FB22}"
EndProject
Global
	GlobalSection(SolutionConfigurationPlatforms) = preSolution
		Debug|Any CPU = Debug|Any CPU
		Release|Any CPU = Release|Any CPU
	EndGlobalSection
	GlobalSection(ProjectConfigurationPlatforms) = postSolution
		{32223203-DB4D-4E89-8121-E38B55E4FB22}.Debug|Any CPU.ActiveCfg = Debug|Any CPU
		{32223203-DB4D-4E89-8121-E38B55E4FB22}.Debug|Any CPU.Build.0 = Debug|Any CPU
		{32223203-DB4D-4E89-8121-E38B55E4FB22}.Release|Any CPU.ActiveCfg = Release|Any CPU
		{32223203-DB4D-4E89-8121-E38B55E4FB22}.Release|Any CPU.Build.0 = Release|Any CPU
	EndGlobalSection
	GlobalSection(SolutionProperties) = preSolution
		HideSolutionNode = FALSE
	EndGlobalSection
	GlobalSection(ExtensibilityGlobals) = postSolution
		SolutionGuid = {616C2A5A-2D71-4A13-8D86-B278E80C31E3}
	EndGlobalSection
EndGlobal
